
Microsoft Visual Studio Solution File, Format Version 12.00
# Visual Studio Version 16
VisualStudioVersion = 25.0.1704.0
MinimumVisualStudioVersion = 10.0.40219.1
Project("{FAE04EC0-301F-11D3-BF4B-00C04F79EFBC}") = "deneme2", "deneme2.csproj", "{4305935D-C003-40EC-806C-BA9E63C5E6BC}"
EndProject
Global
	GlobalSection(SolutionConfigurationPlatforms) = preSolution
		Debug|Any CPU = Debug|Any CPU
		Release|Any CPU = Release|Any CPU
	EndGlobalSection
	GlobalSection(ProjectConfigurationPlatforms) = postSolution
		{4305935D-C003-40EC-806C-BA9E63C5E6BC}.Debug|Any CPU.ActiveCfg = Debug|Any CPU
		{4305935D-C003-40EC-806C-BA9E63C5E6BC}.Debug|Any CPU.Build.0 = Debug|Any CPU
		{4305935D-C003-40EC-806C-BA9E63C5E6BC}.Release|Any CPU.ActiveCfg = Release|Any CPU
		{4305935D-C003-40EC-806C-BA9E63C5E6BC}.Release|Any CPU.Build.0 = Release|Any CPU
	EndGlobalSection
	GlobalSection(SolutionProperties) = preSolution
		HideSolutionNode = FALSE
	EndGlobalSection
	GlobalSection(ExtensibilityGlobals) = postSolution
		SolutionGuid = {1355EF62-23E9-4F96-9D55-11AEA84E594F}
	EndGlobalSection
EndGlobal
